
Microsoft Visual Studio Solution File, Format Version 12.00
# Visual Studio Version 16
VisualStudioVersion = 16.0.31229.75
MinimumVisualStudioVersion = 10.0.40219.1
Project("{FAE04EC0-301F-11D3-BF4B-00C04F79EFBC}") = "Login", "Login\Login.csproj", "{50CBAE43-CCB9-4B7D-9CF4-44114CB2CC33}"
EndProject
Project("{FAE04EC0-301F-11D3-BF4B-00C04F79EFBC}") = "CustomControls", "CustomControls\CustomControls.csproj", "{275C59E3-3F7E-4C80-9963-8E3E4B2A0BCC}"
EndProject
Project("{FAE04EC0-301F-11D3-BF4B-00C04F79EFBC}") = "Funcionalidad_Formularios", "..\Proyecto_Contabilidad\Funcionalidad_Formularios\Funcionalidad_Formularios\Funcionalidad_Formularios.csproj", "{9D2E35BF-622B-4992-8335-6011AF47E8B4}"
EndProject
Project("{FAE04EC0-301F-11D3-BF4B-00C04F79EFBC}") = "AccesoADatos", "AccesoADatos\AccesoADatos.csproj", "{30443BE9-B99C-4C8F-B041-774E0A0B577C}"
EndProject
Project("{FAE04EC0-301F-11D3-BF4B-00C04F79EFBC}") = "Dominio", "Dominio\Dominio.csproj", "{C59BA085-8B56-44CA-83F0-91FE93037F79}"
EndProject
Project("{FAE04EC0-301F-11D3-BF4B-00C04F79EFBC}") = "Forma Principal", "Forma Principal\Forma Principal.csproj", "{A0C039DE-9F65-4FA4-89DA-13ACF792745F}"
EndProject
Project("{FAE04EC0-301F-11D3-BF4B-00C04F79EFBC}") = "GestionGeneros", "GestionGeneros\GestionGeneros.csproj", "{523A8AED-2A96-42C9-90FC-216E5517384B}"
EndProject
Project("{FAE04EC0-301F-11D3-BF4B-00C04F79EFBC}") = "GestionAutores", "GestionAutores\GestionAutores.csproj", "{E5BD4F30-A24B-49B7-AD47-ABDC01663AF9}"
EndProject
Project("{FAE04EC0-301F-11D3-BF4B-00C04F79EFBC}") = "Autenticacion", "Autenticacion\Autenticacion.csproj", "{CB0E25F9-D419-4FB2-8C69-4B537806B89A}"
EndProject
Project("{2150E333-8FDC-42A3-9474-1A3956D46DE8}") = "Solution Items", "Solution Items", "{41106B45-1CCD-4641-BA66-B00B6A43EE1C}"
	ProjectSection(SolutionItems) = preProject
		SQLQuery\SQLQuery1.sql = SQLQuery\SQLQuery1.sql
		SQLQuery\SQLQuery2(Managers).sql = SQLQuery\SQLQuery2(Managers).sql
	EndProjectSection
EndProject
Global
	GlobalSection(SolutionConfigurationPlatforms) = preSolution
		Debug|Any CPU = Debug|Any CPU
		Release|Any CPU = Release|Any CPU
	EndGlobalSection
	GlobalSection(ProjectConfigurationPlatforms) = postSolution
		{50CBAE43-CCB9-4B7D-9CF4-44114CB2CC33}.Debug|Any CPU.ActiveCfg = Debug|Any CPU
		{50CBAE43-CCB9-4B7D-9CF4-44114CB2CC33}.Debug|Any CPU.Build.0 = Debug|Any CPU
		{50CBAE43-CCB9-4B7D-9CF4-44114CB2CC33}.Release|Any CPU.ActiveCfg = Release|Any CPU
		{50CBAE43-CCB9-4B7D-9CF4-44114CB2CC33}.Release|Any CPU.Build.0 = Release|Any CPU
		{275C59E3-3F7E-4C80-9963-8E3E4B2A0BCC}.Debug|Any CPU.ActiveCfg = Debug|Any CPU
		{275C59E3-3F7E-4C80-9963-8E3E4B2A0BCC}.Debug|Any CPU.Build.0 = Debug|Any CPU
		{275C59E3-3F7E-4C80-9963-8E3E4B2A0BCC}.Release|Any CPU.ActiveCfg = Release|Any CPU
		{275C59E3-3F7E-4C80-9963-8E3E4B2A0BCC}.Release|Any CPU.Build.0 = Release|Any CPU
		{9D2E35BF-622B-4992-8335-6011AF47E8B4}.Debug|Any CPU.ActiveCfg = Debug|Any CPU
		{9D2E35BF-622B-4992-8335-6011AF47E8B4}.Debug|Any CPU.Build.0 = Debug|Any CPU
		{9D2E35BF-622B-4992-8335-6011AF47E8B4}.Release|Any CPU.ActiveCfg = Release|Any CPU
		{9D2E35BF-622B-4992-8335-6011AF47E8B4}.Release|Any CPU.Build.0 = Release|Any CPU
		{30443BE9-B99C-4C8F-B041-774E0A0B577C}.Debug|Any CPU.ActiveCfg = Debug|Any CPU
		{30443BE9-B99C-4C8F-B041-774E0A0B577C}.Debug|Any CPU.Build.0 = Debug|Any CPU
		{30443BE9-B99C-4C8F-B041-774E0A0B577C}.Release|Any CPU.ActiveCfg = Release|Any CPU
		{30443BE9-B99C-4C8F-B041-774E0A0B577C}.Release|Any CPU.Build.0 = Release|Any CPU
		{C59BA085-8B56-44CA-83F0-91FE93037F79}.Debug|Any CPU.ActiveCfg = Debug|Any CPU
		{C59BA085-8B56-44CA-83F0-91FE93037F79}.Debug|Any CPU.Build.0 = Debug|Any CPU
		{C59BA085-8B56-44CA-83F0-91FE93037F79}.Release|Any CPU.ActiveCfg = Release|Any CPU
		{C59BA085-8B56-44CA-83F0-91FE93037F79}.Release|Any CPU.Build.0 = Release|Any CPU
		{A0C039DE-9F65-4FA4-89DA-13ACF792745F}.Debug|Any CPU.ActiveCfg = Debug|Any CPU
		{A0C039DE-9F65-4FA4-89DA-13ACF792745F}.Debug|Any CPU.Build.0 = Debug|Any CPU
		{A0C039DE-9F65-4FA4-89DA-13ACF792745F}.Release|Any CPU.ActiveCfg = Release|Any CPU
		{A0C039DE-9F65-4FA4-89DA-13ACF792745F}.Release|Any CPU.Build.0 = Release|Any CPU
		{523A8AED-2A96-42C9-90FC-216E5517384B}.Debug|Any CPU.ActiveCfg = Debug|Any CPU
		{523A8AED-2A96-42C9-90FC-216E5517384B}.Debug|Any CPU.Build.0 = Debug|Any CPU
		{523A8AED-2A96-42C9-90FC-216E5517384B}.Release|Any CPU.ActiveCfg = Release|Any CPU
		{523A8AED-2A96-42C9-90FC-216E5517384B}.Release|Any CPU.Build.0 = Release|Any CPU
		{E5BD4F30-A24B-49B7-AD47-ABDC01663AF9}.Debug|Any CPU.ActiveCfg = Debug|Any CPU
		{E5BD4F30-A24B-49B7-AD47-ABDC01663AF9}.Debug|Any CPU.Build.0 = Debug|Any CPU
		{E5BD4F30-A24B-49B7-AD47-ABDC01663AF9}.Release|Any CPU.ActiveCfg = Release|Any CPU
		{E5BD4F30-A24B-49B7-AD47-ABDC01663AF9}.Release|Any CPU.Build.0 = Release|Any CPU
		{CB0E25F9-D419-4FB2-8C69-4B537806B89A}.Debug|Any CPU.ActiveCfg = Debug|Any CPU
		{CB0E25F9-D419-4FB2-8C69-4B537806B89A}.Debug|Any CPU.Build.0 = Debug|Any CPU
		{CB0E25F9-D419-4FB2-8C69-4B537806B89A}.Release|Any CPU.ActiveCfg = Release|Any CPU
		{CB0E25F9-D419-4FB2-8C69-4B537806B89A}.Release|Any CPU.Build.0 = Release|Any CPU
	EndGlobalSection
	GlobalSection(SolutionProperties) = preSolution
		HideSolutionNode = FALSE
	EndGlobalSection
	GlobalSection(ExtensibilityGlobals) = postSolution
		SolutionGuid = {ACBD266E-7BBA-46DA-88C5-FF0155D10799}
	EndGlobalSection
EndGlobal
